{
  "name": "03-custom-package",
  "version": "1.0.0",
  "lockfileVersion": 2,
  "requires": true,
  "packages": {
    "": {
      "name": "03-custom-package",
      "version": "1.0.0",
      "license": "ISC",
      "dependencies": {
        "03-custom-package": "^1.0.0"
      }
    },
    "node_modules/03-custom-package": {
      "version": "1.0.0",
      "resolved": "https://registry.npmjs.org/03-custom-package/-/03-custom-package-1.0.0.tgz",
      "integrity": "sha512-Bmy0nWugvSamwLycYX8lycQd+/XPUJJIx1mx8mDj90+q+RPidvKwA6SFzqfwCFFCIeMPdQOtmxZTNax78scTmg=="
    }
  },
  "dependencies": {
    "03-custom-package": {
      "version": "1.0.0",
      "resolved": "https://registry.npmjs.org/03-custom-package/-/03-custom-package-1.0.0.tgz",
      "integrity": "sha512-Bmy0nWugvSamwLycYX8lycQd+/XPUJJIx1mx8mDj90+q+RPidvKwA6SFzqfwCFFCIeMPdQOtmxZTNax78scTmg=="
    }
  }
}
